
Microsoft Visual Studio Solution File, Format Version 12.00
# Visual Studio Version 17
VisualStudioVersion = 17.9.34723.18
MinimumVisualStudioVersion = 10.0.40219.1
Project("{FAE04EC0-301F-11D3-BF4B-00C04F79EFBC}") = "kyDemo", "kyDemo\kyDemo.csproj", "{E9654438-FECF-4B14-A478-9345A9CEA800}"
EndProject
Global
	GlobalSection(SolutionConfigurationPlatforms) = preSolution
		Debug|Any CPU = Debug|Any CPU
		Debug|x64 = Debug|x64
		Release|Any CPU = Release|Any CPU
		Release|x64 = Release|x64
	EndGlobalSection
	GlobalSection(ProjectConfigurationPlatforms) = postSolution
		{E9654438-FECF-4B14-A478-9345A9CEA800}.Debug|Any CPU.ActiveCfg = Debug|Any CPU
		{E9654438-FECF-4B14-A478-9345A9CEA800}.Debug|Any CPU.Build.0 = Debug|Any CPU
		{E9654438-FECF-4B14-A478-9345A9CEA800}.Debug|x64.ActiveCfg = Debug|x64
		{E9654438-FECF-4B14-A478-9345A9CEA800}.Debug|x64.Build.0 = Debug|x64
		{E9654438-FECF-4B14-A478-9345A9CEA800}.Release|Any CPU.ActiveCfg = Release|Any CPU
		{E9654438-FECF-4B14-A478-9345A9CEA800}.Release|Any CPU.Build.0 = Release|Any CPU
		{E9654438-FECF-4B14-A478-9345A9CEA800}.Release|x64.ActiveCfg = Release|x64
		{E9654438-FECF-4B14-A478-9345A9CEA800}.Release|x64.Build.0 = Release|x64
	EndGlobalSection
	GlobalSection(SolutionProperties) = preSolution
		HideSolutionNode = FALSE
	EndGlobalSection
	GlobalSection(ExtensibilityGlobals) = postSolution
		SolutionGuid = {EEB8C25D-DC0F-4E13-B100-306AFFB86FD7}
	EndGlobalSection
EndGlobal
